<?xml version="1.0" encoding="utf-8"?>
<Project ToolsVersion="4.0" xmlns="http://schemas.microsoft.com/developer/msbuild/2003">
  <ItemGroup>
    <Filter Include="Public">
      <UniqueIdentifier>{0217f364-c611-4575-92d5-ff0e68a30902}</UniqueIdentifier>
    </Filter>
    <Filter Include="Builtins">
      <UniqueIdentifier>{365205de-758f-4e1b-b0b5-15c35f47b878}</UniqueIdentifier>
    </Filter>
  </ItemGroup>
  <ItemGroup>
    <ClCompile Include="..\..\src\vlog\impl_vlog.cpp" />
    <ClCompile Include="..\..\src\vlog\vlog.cpp" />
    <ClCompile Include="..\..\src\vlog\write_vlog.cpp" />
  </ItemGroup>
  <ItemGroup>
    <ClInclude Include="..\..\src\vlog\impl_vlog.h" />
    <ClInclude Include="..\..\src\vlog\vlog.h" />
    <ClInclude Include="..\..\src\vlog\write_vlog.h" />
  </ItemGroup>
</Project>