<?xml version="1.0" encoding="utf-8"?>
<Project ToolsVersion="4.0" xmlns="http://schemas.microsoft.com/developer/msbuild/2003">
  <ItemGroup>
    <ClCompile Include="..\..\src\main\main.cpp" />
    <ClCompile Include="..\..\src\main\build_spec.cpp" />
    <ClCompile Include="..\..\src\main\tinyxml\tinyxml2.cpp">
      <Filter>tinyxml</Filter>
    </ClCompile>
    <ClCompile Include="..\..\src\main\getoptpp\getopt_pp.cpp">
      <Filter>GetOptPP</Filter>
    </ClCompile>
    <ClCompile Include="..\..\src\main\io.cpp" />
    <ClCompile Include="..\..\src\main\vlog.cpp" />
    <ClCompile Include="..\..\src\main\impl_vlog.cpp" />
    <ClCompile Include="..\..\src\main\write_vlog.cpp" />
  </ItemGroup>
  <ItemGroup>
    <ClInclude Include="..\..\src\main\globals.h" />
    <ClInclude Include="..\..\src\main\build_spec.h" />
    <ClInclude Include="..\..\src\main\tinyxml\tinyxml2.h">
      <Filter>tinyxml</Filter>
    </ClInclude>
    <ClInclude Include="..\..\src\main\getoptpp\getopt_pp.h">
      <Filter>GetOptPP</Filter>
    </ClInclude>
    <ClInclude Include="..\..\src\main\io.h" />
    <ClInclude Include="..\..\src\main\vlog.h" />
    <ClInclude Include="..\..\src\main\impl_vlog.h" />
    <ClInclude Include="..\..\src\main\write_vlog.h" />
  </ItemGroup>
  <ItemGroup>
    <Filter Include="GetOptPP">
      <UniqueIdentifier>{13047cdb-3610-4c8f-a1e0-d75c8645f148}</UniqueIdentifier>
    </Filter>
    <Filter Include="tinyxml">
      <UniqueIdentifier>{a4305b77-979c-46e9-b400-17aad1e650ed}</UniqueIdentifier>
    </Filter>
  </ItemGroup>
</Project>