<?xml version="1.0" encoding="utf-8"?>
<Project ToolsVersion="4.0" xmlns="http://schemas.microsoft.com/developer/msbuild/2003">
  <ItemGroup>
    <Filter Include="Public">
      <UniqueIdentifier>{0217f364-c611-4575-92d5-ff0e68a30902}</UniqueIdentifier>
    </Filter>
  </ItemGroup>
  <ItemGroup>
    <ClInclude Include="..\..\include\ct\common.h">
      <Filter>Public</Filter>
    </ClInclude>
    <ClInclude Include="..\..\include\ct\core.h">
      <Filter>Public</Filter>
    </ClInclude>
    <ClInclude Include="..\..\include\ct\ct.h">
      <Filter>Public</Filter>
    </ClInclude>
    <ClInclude Include="..\..\include\ct\export_node.h">
      <Filter>Public</Filter>
    </ClInclude>
    <ClInclude Include="..\..\include\ct\expressions.h">
      <Filter>Public</Filter>
    </ClInclude>
    <ClInclude Include="..\..\src\core\expressions_nodes.h" />
    <ClInclude Include="..\..\include\ct\system_node.h">
      <Filter>Public</Filter>
    </ClInclude>
  </ItemGroup>
  <ItemGroup>
    <ClCompile Include="..\..\src\core\core.cpp" />
    <ClCompile Include="..\..\src\core\ct.cpp" />
    <ClCompile Include="..\..\src\core\export_node.cpp" />
    <ClCompile Include="..\..\src\core\expressions.cpp" />
    <ClCompile Include="..\..\src\core\system_node.cpp" />
  </ItemGroup>
</Project>