<?xml version="1.0" encoding="utf-8"?>
<Project ToolsVersion="4.0" xmlns="http://schemas.microsoft.com/developer/msbuild/2003">
  <ItemGroup>
    <Filter Include="Public">
      <UniqueIdentifier>{ee5afcea-e624-4e22-9131-183b4506cdab}</UniqueIdentifier>
    </Filter>
  </ItemGroup>
  <ItemGroup>
    <ClInclude Include="..\..\include\genie\lua\genie_lua.h">
      <Filter>Public</Filter>
    </ClInclude>
    <ClInclude Include="..\..\include\genie\lua\lapi.h">
      <Filter>Public</Filter>
    </ClInclude>
    <ClInclude Include="..\..\include\genie\lua\lauxlib.h">
      <Filter>Public</Filter>
    </ClInclude>
    <ClInclude Include="..\..\include\genie\lua\lcode.h">
      <Filter>Public</Filter>
    </ClInclude>
    <ClInclude Include="..\..\include\genie\lua\lctype.h">
      <Filter>Public</Filter>
    </ClInclude>
    <ClInclude Include="..\..\include\genie\lua\ldebug.h">
      <Filter>Public</Filter>
    </ClInclude>
    <ClInclude Include="..\..\include\genie\lua\ldo.h">
      <Filter>Public</Filter>
    </ClInclude>
    <ClInclude Include="..\..\include\genie\lua\lfunc.h">
      <Filter>Public</Filter>
    </ClInclude>
    <ClInclude Include="..\..\include\genie\lua\lgc.h">
      <Filter>Public</Filter>
    </ClInclude>
    <ClInclude Include="..\..\include\genie\lua\llex.h">
      <Filter>Public</Filter>
    </ClInclude>
    <ClInclude Include="..\..\include\genie\lua\llimits.h">
      <Filter>Public</Filter>
    </ClInclude>
    <ClInclude Include="..\..\include\genie\lua\lmem.h">
      <Filter>Public</Filter>
    </ClInclude>
    <ClInclude Include="..\..\include\genie\lua\lobject.h">
      <Filter>Public</Filter>
    </ClInclude>
    <ClInclude Include="..\..\include\genie\lua\lopcodes.h">
      <Filter>Public</Filter>
    </ClInclude>
    <ClInclude Include="..\..\include\genie\lua\lparser.h">
      <Filter>Public</Filter>
    </ClInclude>
    <ClInclude Include="..\..\include\genie\lua\lstate.h">
      <Filter>Public</Filter>
    </ClInclude>
    <ClInclude Include="..\..\include\genie\lua\lstring.h">
      <Filter>Public</Filter>
    </ClInclude>
    <ClInclude Include="..\..\include\genie\lua\ltable.h">
      <Filter>Public</Filter>
    </ClInclude>
    <ClInclude Include="..\..\include\genie\lua\ltm.h">
      <Filter>Public</Filter>
    </ClInclude>
    <ClInclude Include="..\..\include\genie\lua\lua.h">
      <Filter>Public</Filter>
    </ClInclude>
    <ClInclude Include="..\..\include\genie\lua\luaconf.h">
      <Filter>Public</Filter>
    </ClInclude>
    <ClInclude Include="..\..\include\genie\lua\lualib.h">
      <Filter>Public</Filter>
    </ClInclude>
    <ClInclude Include="..\..\include\genie\lua\lundump.h">
      <Filter>Public</Filter>
    </ClInclude>
    <ClInclude Include="..\..\include\genie\lua\lvm.h">
      <Filter>Public</Filter>
    </ClInclude>
    <ClInclude Include="..\..\include\genie\lua\lzio.h">
      <Filter>Public</Filter>
    </ClInclude>
  </ItemGroup>
  <ItemGroup>
    <ClCompile Include="..\..\src\lua\lapi.c" />
    <ClCompile Include="..\..\src\lua\lauxlib.c" />
    <ClCompile Include="..\..\src\lua\lbaselib.c" />
    <ClCompile Include="..\..\src\lua\lbitlib.c" />
    <ClCompile Include="..\..\src\lua\lcode.c" />
    <ClCompile Include="..\..\src\lua\lcorolib.c" />
    <ClCompile Include="..\..\src\lua\lctype.c" />
    <ClCompile Include="..\..\src\lua\ldblib.c" />
    <ClCompile Include="..\..\src\lua\ldebug.c" />
    <ClCompile Include="..\..\src\lua\ldo.c" />
    <ClCompile Include="..\..\src\lua\ldump.c" />
    <ClCompile Include="..\..\src\lua\lfunc.c" />
    <ClCompile Include="..\..\src\lua\lgc.c" />
    <ClCompile Include="..\..\src\lua\linit.c" />
    <ClCompile Include="..\..\src\lua\liolib.c" />
    <ClCompile Include="..\..\src\lua\llex.c" />
    <ClCompile Include="..\..\src\lua\lmathlib.c" />
    <ClCompile Include="..\..\src\lua\lmem.c" />
    <ClCompile Include="..\..\src\lua\loadlib.c" />
    <ClCompile Include="..\..\src\lua\lobject.c" />
    <ClCompile Include="..\..\src\lua\lopcodes.c" />
    <ClCompile Include="..\..\src\lua\loslib.c" />
    <ClCompile Include="..\..\src\lua\lparser.c" />
    <ClCompile Include="..\..\src\lua\lstate.c" />
    <ClCompile Include="..\..\src\lua\lstring.c" />
    <ClCompile Include="..\..\src\lua\lstrlib.c" />
    <ClCompile Include="..\..\src\lua\ltable.c" />
    <ClCompile Include="..\..\src\lua\ltablib.c" />
    <ClCompile Include="..\..\src\lua\ltm.c" />
    <ClCompile Include="..\..\src\lua\lundump.c" />
    <ClCompile Include="..\..\src\lua\lvm.c" />
    <ClCompile Include="..\..\src\lua\lzio.c" />
    <ClCompile Include="..\..\src\lua\genie_lua.cpp" />
  </ItemGroup>
</Project>