<?xml version="1.0" encoding="utf-8"?>
<Project ToolsVersion="4.0" xmlns="http://schemas.microsoft.com/developer/msbuild/2003">
  <ItemGroup>
    <ClCompile Include="..\..\src\at_instance_node.cpp" />
    <ClCompile Include="..\..\src\at_manager.cpp" />
    <ClCompile Include="..\..\src\at_netlist.cpp" />
    <ClCompile Include="..\..\src\at_spec.cpp" />
    <ClCompile Include="..\..\src\ati_arb.cpp" />
    <ClCompile Include="..\..\src\ati_bcast.cpp" />
    <ClCompile Include="..\..\src\ati_channel.cpp" />
    <ClCompile Include="..\..\src\ati_proto_adapter.cpp" />
    <ClCompile Include="..\..\src\ati_sig_pack.cpp" />
    <ClCompile Include="..\..\src\at_adapter_node.cpp" />
    <ClCompile Include="..\..\src\at_arb_node.cpp" />
    <ClCompile Include="..\..\src\at_bcast_node.cpp" />
  </ItemGroup>
  <ItemGroup>
    <ClInclude Include="..\..\include\ati_bcast.h" />
    <ClInclude Include="..\..\include\ati_channel.h" />
    <ClInclude Include="..\..\include\ati_proto_adapter.h" />
    <ClInclude Include="..\..\include\ati_sig_pack.h" />
    <ClInclude Include="..\..\include\sc_bv_port.h" />
    <ClInclude Include="..\..\include\sc_bv_signal.h" />
    <ClInclude Include="..\..\include\at_adapter_node.h" />
    <ClInclude Include="..\..\include\at_arb_node.h" />
    <ClInclude Include="..\..\include\at_bcast_node.h" />
    <ClInclude Include="..\..\include\at_instance_node.h" />
    <ClInclude Include="..\..\include\at_macros.h" />
    <ClInclude Include="..\..\include\at_manager.h" />
    <ClInclude Include="..\..\include\at_netlist.h" />
    <ClInclude Include="..\..\include\at_protocol.h" />
    <ClInclude Include="..\..\include\at_spec.h" />
    <ClInclude Include="..\..\include\at_util.h" />
    <ClInclude Include="..\..\include\ati_arb.h" />
  </ItemGroup>
</Project>