<?xml version="1.0" encoding="utf-8"?>
<Project ToolsVersion="4.0" xmlns="http://schemas.microsoft.com/developer/msbuild/2003">
  <ItemGroup>
    <Filter Include="Public">
      <UniqueIdentifier>{7031513b-53ca-431c-bc90-5415100677fb}</UniqueIdentifier>
    </Filter>
  </ItemGroup>
  <ItemGroup>
    <ClInclude Include="..\..\include\ct\sysc\macros.h">
      <Filter>Public</Filter>
    </ClInclude>
    <ClInclude Include="..\..\include\ct\sysc\sc_bv_signal.h">
      <Filter>Public</Filter>
    </ClInclude>
    <ClInclude Include="..\..\include\ct\sysc\sc_fwd_port.h">
      <Filter>Public</Filter>
    </ClInclude>
    <ClInclude Include="..\..\src\sysc\impl_sig_pack.h" />
    <ClInclude Include="..\..\src\sysc\sysc_spec.h" />
    <ClInclude Include="..\..\src\sysc\impl_arb.h" />
    <ClInclude Include="..\..\src\sysc\impl_dist.h" />
    <ClInclude Include="..\..\src\sysc\impl_ports.h" />
  </ItemGroup>
  <ItemGroup>
    <ClCompile Include="..\..\src\sysc\impl_sig_pack.cpp" />
    <ClCompile Include="..\..\src\sysc\sysc_spec.cpp" />
    <ClCompile Include="..\..\src\sysc\impl_arb.cpp" />
    <ClCompile Include="..\..\src\sysc\impl_dist.cpp" />
    <ClCompile Include="..\..\src\sysc\impl_ports.cpp" />
  </ItemGroup>
</Project>